
Microsoft Visual Studio Solution File, Format Version 12.00
# Visual Studio 14
VisualStudioVersion = 14.0.23107.0
MinimumVisualStudioVersion = 10.0.40219.1
Project("{2150E333-8FDC-42A3-9474-1A3956D46DE8}") = "Solution Items", "Solution Items", "{AE123430-321B-45A8-915C-2BFD68001BB8}"
	ProjectSection(SolutionItems) = preProject
		background.js = background.js
		chrome-128.png = chrome-128.png
		manifest.json = manifest.json
		scripts.js = scripts.js
		window.html = window.html
	EndProjectSection
EndProject
Global
	GlobalSection(SolutionProperties) = preSolution
		HideSolutionNode = FALSE
	EndGlobalSection
EndGlobal
